<?xml version="1.0" encoding="utf-8"?>
<Project ToolsVersion="4.0" xmlns="http://schemas.microsoft.com/developer/msbuild/2003">
  <ItemGroup>
    <Filter Include="Source Files">
      <UniqueIdentifier>{4FC737F1-C7A5-4376-A066-2A32D752A2FF}</UniqueIdentifier>
      <Extensions>cpp;cxx;c;def</Extensions>
    </Filter>
    <Filter Include="Header Files">
      <UniqueIdentifier>{93995380-89BD-4b04-88EB-625FBE52EBFB}</UniqueIdentifier>
      <Extensions>h</Extensions>
    </Filter>
    <Filter Include="Form Files">
      <UniqueIdentifier>{99349809-55BA-4b9d-BF79-8FDBB0286EB3}</UniqueIdentifier>
      <Extensions>ui</Extensions>
    </Filter>
    <Filter Include="Resource Files">
      <UniqueIdentifier>{D9D6E242-F8AF-46E4-B9FD-80ECBC20BA3E}</UniqueIdentifier>
      <Extensions>qrc;*</Extensions>
      <ParseFiles>false</ParseFiles>
    </Filter>
    <Filter Include="Generated Files">
      <UniqueIdentifier>{71ED8ED8-ACB9-4CE9-BBE1-E00B30144E11}</UniqueIdentifier>
      <Extensions>moc;h;cpp</Extensions>
      <SourceControlFiles>False</SourceControlFiles>
    </Filter>
    <Filter Include="Generated Files\Debug">
      <UniqueIdentifier>{d09d6daa-a5a3-408a-a0ca-072ad671acd7}</UniqueIdentifier>
      <Extensions>cpp;moc</Extensions>
      <SourceControlFiles>False</SourceControlFiles>
    </Filter>
    <Filter Include="Generated Files\Release">
      <UniqueIdentifier>{edd87d34-8192-419a-8b8e-b153401b2821}</UniqueIdentifier>
      <Extensions>cpp;moc</Extensions>
      <SourceControlFiles>False</SourceControlFiles>
    </Filter>
    <Filter Include="Decoder">
      <UniqueIdentifier>{5ead232b-794c-47d7-bc8b-c11d2fa8554e}</UniqueIdentifier>
    </Filter>
    <Filter Include="QCustomPlot">
      <UniqueIdentifier>{8d0c4451-db69-4eed-bc98-048e53efa9ad}</UniqueIdentifier>
    </Filter>
  </ItemGroup>
  <ItemGroup>
    <ClCompile Include="main.cpp">
      <Filter>Source Files</Filter>
    </ClCompile>
    <ClCompile Include="plaxrat.cpp">
      <Filter>Source Files</Filter>
    </ClCompile>
    <ClCompile Include="GeneratedFiles\Debug\moc_plaxrat.cpp">
      <Filter>Generated Files\Debug</Filter>
    </ClCompile>
    <ClCompile Include="GeneratedFiles\Release\moc_plaxrat.cpp">
      <Filter>Generated Files\Release</Filter>
    </ClCompile>
    <ClCompile Include="GeneratedFiles\qrc_plaxrat.cpp">
      <Filter>Generated Files</Filter>
    </ClCompile>
    <ClCompile Include="GeneratedFiles\Debug\moc_threadplexon.cpp">
      <Filter>Generated Files\Debug</Filter>
    </ClCompile>
    <ClCompile Include="GeneratedFiles\Release\moc_threadplexon.cpp">
      <Filter>Generated Files\Release</Filter>
    </ClCompile>
    <ClCompile Include="Paradigm.cpp">
      <Filter>Source Files</Filter>
    </ClCompile>
    <ClCompile Include="GeneratedFiles\Debug\moc_qcustomplot.cpp">
      <Filter>Generated Files\Debug</Filter>
    </ClCompile>
    <ClCompile Include="GeneratedFiles\Release\moc_qcustomplot.cpp">
      <Filter>Generated Files\Release</Filter>
    </ClCompile>
    <ClCompile Include="Displayer.cpp">
      <Filter>Source Files</Filter>
    </ClCompile>
    <ClCompile Include="QCustomPlot\qcustomplot.cpp">
      <Filter>QCustomPlot</Filter>
    </ClCompile>
    <ClCompile Include="Plexon\PlexonConnecter.cpp">
      <Filter>Source Files</Filter>
    </ClCompile>
    <ClCompile Include="Plexon\threadplexon.cpp">
      <Filter>Source Files</Filter>
    </ClCompile>
    <ClCompile Include="Decoder\DecoderKalman.cpp">
      <Filter>Source Files</Filter>
    </ClCompile>
    <ClCompile Include="MatTester.cpp">
      <Filter>Source Files</Filter>
    </ClCompile>
    <ClCompile Include="Decoder\Decoder.cpp">
      <Filter>Source Files</Filter>
    </ClCompile>
  </ItemGroup>
  <ItemGroup>
    <CustomBuild Include="plaxrat.h">
      <Filter>Header Files</Filter>
    </CustomBuild>
    <CustomBuild Include="plaxrat.qrc">
      <Filter>Resource Files</Filter>
    </CustomBuild>
    <CustomBuild Include="Form Files\plaxrat.ui">
      <Filter>Form Files</Filter>
    </CustomBuild>
    <CustomBuild Include="QCustomPlot\qcustomplot.h">
      <Filter>QCustomPlot</Filter>
    </CustomBuild>
    <CustomBuild Include="Plexon\threadplexon.hpp">
      <Filter>Header Files</Filter>
    </CustomBuild>
    <CustomBuild Include="qcustomplot.h">
      <Filter>Header Files</Filter>
    </CustomBuild>
  </ItemGroup>
  <ItemGroup>
    <ClInclude Include="GeneratedFiles\ui_plaxrat.h">
      <Filter>Generated Files</Filter>
    </ClInclude>
    <ClInclude Include="Paradigm.h">
      <Filter>Header Files</Filter>
    </ClInclude>
    <ClInclude Include="Displayer.h">
      <Filter>Header Files</Filter>
    </ClInclude>
    <ClInclude Include="Decoder\Decoder.h">
      <Filter>Decoder</Filter>
    </ClInclude>
    <ClInclude Include="Plexon\PlexonConnecter.h">
      <Filter>Header Files</Filter>
    </ClInclude>
    <ClInclude Include="Plexon\Timebase.h">
      <Filter>Header Files</Filter>
    </ClInclude>
    <ClInclude Include="Decoder\DecoderKalman.h">
      <Filter>Header Files</Filter>
    </ClInclude>
    <ClInclude Include="MatTester.h">
      <Filter>Header Files</Filter>
    </ClInclude>
    <ClInclude Include="resource.h">
      <Filter>Header Files</Filter>
    </ClInclude>
  </ItemGroup>
  <ItemGroup>
    <Library Include="lib\PlexDO.lib" />
  </ItemGroup>
  <ItemGroup>
    <ResourceCompile Include="Resource.rc" />
  </ItemGroup>
  <ItemGroup>
    <None Include="wav files\sound.qrc">
      <Filter>Resource Files</Filter>
    </None>
  </ItemGroup>
</Project>